
Microsoft Visual Studio Solution File, Format Version 12.00
# Visual Studio Version 17
VisualStudioVersion = 17.9.34701.34
MinimumVisualStudioVersion = 10.0.40219.1
Project("{9A19103F-16F7-4668-BE54-9A1E7A4F7556}") = "HomeWork10", "HomeWork10\HomeWork10.csproj", "{F8174BBB-0B97-4ABF-AD92-ABCA80B8D291}"
EndProject
Global
	GlobalSection(SolutionConfigurationPlatforms) = preSolution
		Debug|Any CPU = Debug|Any CPU
		Release|Any CPU = Release|Any CPU
	EndGlobalSection
	GlobalSection(ProjectConfigurationPlatforms) = postSolution
		{F8174BBB-0B97-4ABF-AD92-ABCA80B8D291}.Debug|Any CPU.ActiveCfg = Debug|Any CPU
		{F8174BBB-0B97-4ABF-AD92-ABCA80B8D291}.Debug|Any CPU.Build.0 = Debug|Any CPU
		{F8174BBB-0B97-4ABF-AD92-ABCA80B8D291}.Release|Any CPU.ActiveCfg = Release|Any CPU
		{F8174BBB-0B97-4ABF-AD92-ABCA80B8D291}.Release|Any CPU.Build.0 = Release|Any CPU
	EndGlobalSection
	GlobalSection(SolutionProperties) = preSolution
		HideSolutionNode = FALSE
	EndGlobalSection
	GlobalSection(ExtensibilityGlobals) = postSolution
		SolutionGuid = {F218258D-EC56-44B8-BCC2-C7A8D268821E}
	EndGlobalSection
EndGlobal
